
Microsoft Visual Studio Solution File, Format Version 12.00
# Visual Studio Version 16
VisualStudioVersion = 16.0.31205.134
MinimumVisualStudioVersion = 10.0.40219.1
Project("{FAE04EC0-301F-11D3-BF4B-00C04F79EFBC}") = "InheritanceDemo", "InheritanceDemo\InheritanceDemo.csproj", "{E8EFE346-F983-45C3-B347-51F2313A1163}"
EndProject
Global
	GlobalSection(SolutionConfigurationPlatforms) = preSolution
		Debug|Any CPU = Debug|Any CPU
		Release|Any CPU = Release|Any CPU
	EndGlobalSection
	GlobalSection(ProjectConfigurationPlatforms) = postSolution
		{E8EFE346-F983-45C3-B347-51F2313A1163}.Debug|Any CPU.ActiveCfg = Debug|Any CPU
		{E8EFE346-F983-45C3-B347-51F2313A1163}.Debug|Any CPU.Build.0 = Debug|Any CPU
		{E8EFE346-F983-45C3-B347-51F2313A1163}.Release|Any CPU.ActiveCfg = Release|Any CPU
		{E8EFE346-F983-45C3-B347-51F2313A1163}.Release|Any CPU.Build.0 = Release|Any CPU
	EndGlobalSection
	GlobalSection(SolutionProperties) = preSolution
		HideSolutionNode = FALSE
	EndGlobalSection
	GlobalSection(ExtensibilityGlobals) = postSolution
		SolutionGuid = {74E3EFBB-04EB-4148-890E-21139E77BE39}
	EndGlobalSection
EndGlobal
